
Microsoft Visual Studio Solution File, Format Version 12.00
# Visual Studio Version 16
VisualStudioVersion = 16.0.28729.10
MinimumVisualStudioVersion = 10.0.40219.1
Project("{FAE04EC0-301F-11D3-BF4B-00C04F79EFBC}") = "bagoly", "bagoly\bagoly.csproj", "{E33AE891-6766-4DD1-9BD4-0F4B677756C1}"
EndProject
Global
	GlobalSection(SolutionConfigurationPlatforms) = preSolution
		Debug|Any CPU = Debug|Any CPU
		Release|Any CPU = Release|Any CPU
	EndGlobalSection
	GlobalSection(ProjectConfigurationPlatforms) = postSolution
		{E33AE891-6766-4DD1-9BD4-0F4B677756C1}.Debug|Any CPU.ActiveCfg = Debug|Any CPU
		{E33AE891-6766-4DD1-9BD4-0F4B677756C1}.Debug|Any CPU.Build.0 = Debug|Any CPU
		{E33AE891-6766-4DD1-9BD4-0F4B677756C1}.Release|Any CPU.ActiveCfg = Release|Any CPU
		{E33AE891-6766-4DD1-9BD4-0F4B677756C1}.Release|Any CPU.Build.0 = Release|Any CPU
	EndGlobalSection
	GlobalSection(SolutionProperties) = preSolution
		HideSolutionNode = FALSE
	EndGlobalSection
	GlobalSection(ExtensibilityGlobals) = postSolution
		SolutionGuid = {627B8C55-329E-4FBF-8945-E6E9091F66B0}
	EndGlobalSection
EndGlobal
